
Microsoft Visual Studio Solution File, Format Version 12.00
# Visual Studio 15
VisualStudioVersion = 15.0.27428.2005
MinimumVisualStudioVersion = 10.0.40219.1
Project("{FAE04EC0-301F-11D3-BF4B-00C04F79EFBC}") = "SHES_WPF", "SHES_WPF\SHES_WPF.csproj", "{E56F7516-ADFC-4F67-A8B8-6CD20AB993BE}"
EndProject
Project("{FAE04EC0-301F-11D3-BF4B-00C04F79EFBC}") = "SHES_ConsolApp", "SHES_ConsolApp\SHES_ConsolApp.csproj", "{354AEC9D-4286-47B9-9B5D-B8EED1DE364C}"
EndProject
Project("{FAE04EC0-301F-11D3-BF4B-00C04F79EFBC}") = "Battery", "Battery\Battery.csproj", "{3536A054-AF2B-4FF2-9F26-6A7C631D02A6}"
EndProject
Project("{FAE04EC0-301F-11D3-BF4B-00C04F79EFBC}") = "SolarPanel", "SolarPanel\SolarPanel.csproj", "{D6FCC189-EF53-4AD4-8C8D-2E8ADDEFF5C3}"
EndProject
Project("{FAE04EC0-301F-11D3-BF4B-00C04F79EFBC}") = "Contracts", "Contracts\Contracts.csproj", "{21B66F92-D596-42CA-9411-52BD08B80A2D}"
EndProject
Project("{FAE04EC0-301F-11D3-BF4B-00C04F79EFBC}") = "SHES_ConsolAppTest", "SHES_ConsolAppTest\SHES_ConsolAppTest.csproj", "{0ED37546-7EAB-4BED-B4FB-83249124992B}"
EndProject
Project("{FAE04EC0-301F-11D3-BF4B-00C04F79EFBC}") = "BatteryTest", "BatteryTest\BatteryTest.csproj", "{AAEC3186-DED1-41ED-848A-3B889B0E7CE4}"
EndProject
Global
	GlobalSection(SolutionConfigurationPlatforms) = preSolution
		Debug|Any CPU = Debug|Any CPU
		Release|Any CPU = Release|Any CPU
	EndGlobalSection
	GlobalSection(ProjectConfigurationPlatforms) = postSolution
		{E56F7516-ADFC-4F67-A8B8-6CD20AB993BE}.Debug|Any CPU.ActiveCfg = Debug|Any CPU
		{E56F7516-ADFC-4F67-A8B8-6CD20AB993BE}.Debug|Any CPU.Build.0 = Debug|Any CPU
		{E56F7516-ADFC-4F67-A8B8-6CD20AB993BE}.Release|Any CPU.ActiveCfg = Release|Any CPU
		{E56F7516-ADFC-4F67-A8B8-6CD20AB993BE}.Release|Any CPU.Build.0 = Release|Any CPU
		{354AEC9D-4286-47B9-9B5D-B8EED1DE364C}.Debug|Any CPU.ActiveCfg = Debug|Any CPU
		{354AEC9D-4286-47B9-9B5D-B8EED1DE364C}.Debug|Any CPU.Build.0 = Debug|Any CPU
		{354AEC9D-4286-47B9-9B5D-B8EED1DE364C}.Release|Any CPU.ActiveCfg = Release|Any CPU
		{354AEC9D-4286-47B9-9B5D-B8EED1DE364C}.Release|Any CPU.Build.0 = Release|Any CPU
		{3536A054-AF2B-4FF2-9F26-6A7C631D02A6}.Debug|Any CPU.ActiveCfg = Debug|Any CPU
		{3536A054-AF2B-4FF2-9F26-6A7C631D02A6}.Debug|Any CPU.Build.0 = Debug|Any CPU
		{3536A054-AF2B-4FF2-9F26-6A7C631D02A6}.Release|Any CPU.ActiveCfg = Release|Any CPU
		{3536A054-AF2B-4FF2-9F26-6A7C631D02A6}.Release|Any CPU.Build.0 = Release|Any CPU
		{D6FCC189-EF53-4AD4-8C8D-2E8ADDEFF5C3}.Debug|Any CPU.ActiveCfg = Debug|Any CPU
		{D6FCC189-EF53-4AD4-8C8D-2E8ADDEFF5C3}.Debug|Any CPU.Build.0 = Debug|Any CPU
		{D6FCC189-EF53-4AD4-8C8D-2E8ADDEFF5C3}.Release|Any CPU.ActiveCfg = Release|Any CPU
		{D6FCC189-EF53-4AD4-8C8D-2E8ADDEFF5C3}.Release|Any CPU.Build.0 = Release|Any CPU
		{21B66F92-D596-42CA-9411-52BD08B80A2D}.Debug|Any CPU.ActiveCfg = Debug|Any CPU
		{21B66F92-D596-42CA-9411-52BD08B80A2D}.Debug|Any CPU.Build.0 = Debug|Any CPU
		{21B66F92-D596-42CA-9411-52BD08B80A2D}.Release|Any CPU.ActiveCfg = Release|Any CPU
		{21B66F92-D596-42CA-9411-52BD08B80A2D}.Release|Any CPU.Build.0 = Release|Any CPU
		{0ED37546-7EAB-4BED-B4FB-83249124992B}.Debug|Any CPU.ActiveCfg = Debug|Any CPU
		{0ED37546-7EAB-4BED-B4FB-83249124992B}.Debug|Any CPU.Build.0 = Debug|Any CPU
		{0ED37546-7EAB-4BED-B4FB-83249124992B}.Release|Any CPU.ActiveCfg = Release|Any CPU
		{0ED37546-7EAB-4BED-B4FB-83249124992B}.Release|Any CPU.Build.0 = Release|Any CPU
		{AAEC3186-DED1-41ED-848A-3B889B0E7CE4}.Debug|Any CPU.ActiveCfg = Debug|Any CPU
		{AAEC3186-DED1-41ED-848A-3B889B0E7CE4}.Debug|Any CPU.Build.0 = Debug|Any CPU
		{AAEC3186-DED1-41ED-848A-3B889B0E7CE4}.Release|Any CPU.ActiveCfg = Release|Any CPU
		{AAEC3186-DED1-41ED-848A-3B889B0E7CE4}.Release|Any CPU.Build.0 = Release|Any CPU
	EndGlobalSection
	GlobalSection(SolutionProperties) = preSolution
		HideSolutionNode = FALSE
	EndGlobalSection
	GlobalSection(ExtensibilityGlobals) = postSolution
		SolutionGuid = {A33A21AB-3E20-4002-AAE1-6A0017CA91C6}
	EndGlobalSection
EndGlobal
